
Microsoft Visual Studio Solution File, Format Version 12.00
# Visual Studio Version 16
VisualStudioVersion = 16.0.30804.86
MinimumVisualStudioVersion = 10.0.40219.1
Project("{FAE04EC0-301F-11D3-BF4B-00C04F79EFBC}") = "ModularCalculator", "ModularCalculator\ModularCalculator.csproj", "{10E89E53-8503-4BB9-8861-C6CBE2C2FE97}"
EndProject
Global
	GlobalSection(SolutionConfigurationPlatforms) = preSolution
		Debug|Any CPU = Debug|Any CPU
		Release|Any CPU = Release|Any CPU
	EndGlobalSection
	GlobalSection(ProjectConfigurationPlatforms) = postSolution
		{10E89E53-8503-4BB9-8861-C6CBE2C2FE97}.Debug|Any CPU.ActiveCfg = Debug|Any CPU
		{10E89E53-8503-4BB9-8861-C6CBE2C2FE97}.Debug|Any CPU.Build.0 = Debug|Any CPU
		{10E89E53-8503-4BB9-8861-C6CBE2C2FE97}.Release|Any CPU.ActiveCfg = Release|Any CPU
		{10E89E53-8503-4BB9-8861-C6CBE2C2FE97}.Release|Any CPU.Build.0 = Release|Any CPU
	EndGlobalSection
	GlobalSection(SolutionProperties) = preSolution
		HideSolutionNode = FALSE
	EndGlobalSection
	GlobalSection(ExtensibilityGlobals) = postSolution
		SolutionGuid = {D1277171-4200-4FB0-9319-F6F7DBBE31FE}
	EndGlobalSection
EndGlobal
